
Microsoft Visual Studio Solution File, Format Version 12.00
# Visual Studio Version 17
VisualStudioVersion = 17.14.36603.0 d17.14
MinimumVisualStudioVersion = 10.0.40219.1
Project("{FAE04EC0-301F-11D3-BF4B-00C04F79EFBC}") = "HoodsEnergyDrinks-CSharp", "HoodsEnergyDrinks-CSharp\HoodsEnergyDrinks-CSharp.csproj", "{7A37ACC5-13C6-4F03-9601-C625B37A88FB}"
EndProject
Global
	GlobalSection(SolutionConfigurationPlatforms) = preSolution
		Debug|Any CPU = Debug|Any CPU
		Release|Any CPU = Release|Any CPU
	EndGlobalSection
	GlobalSection(ProjectConfigurationPlatforms) = postSolution
		{7A37ACC5-13C6-4F03-9601-C625B37A88FB}.Debug|Any CPU.ActiveCfg = Debug|Any CPU
		{7A37ACC5-13C6-4F03-9601-C625B37A88FB}.Debug|Any CPU.Build.0 = Debug|Any CPU
		{7A37ACC5-13C6-4F03-9601-C625B37A88FB}.Release|Any CPU.ActiveCfg = Release|Any CPU
		{7A37ACC5-13C6-4F03-9601-C625B37A88FB}.Release|Any CPU.Build.0 = Release|Any CPU
	EndGlobalSection
	GlobalSection(SolutionProperties) = preSolution
		HideSolutionNode = FALSE
	EndGlobalSection
	GlobalSection(ExtensibilityGlobals) = postSolution
		SolutionGuid = {00EBDFB6-8659-43C7-A144-7F9B137C6549}
	EndGlobalSection
EndGlobal
